
Microsoft Visual Studio Solution File, Format Version 12.00
# Visual Studio Version 17
VisualStudioVersion = 17.10.34825.169
MinimumVisualStudioVersion = 10.0.40219.1
Project("{FAE04EC0-301F-11D3-BF4B-00C04F79EFBC}") = "RecruitmentTask.Ui", "RecruitmentTask.Ui\RecruitmentTask.Ui.csproj", "{4BAF538D-4C03-43DD-8695-7DA6DF9271F4}"
EndProject
Project("{FAE04EC0-301F-11D3-BF4B-00C04F79EFBC}") = "RecruitmentTask.Api", "RecruitmentTask.Api\RecruitmentTask.Api.csproj", "{DE990984-A1B3-4890-9A1D-7EE622553994}"
EndProject
Project("{FAE04EC0-301F-11D3-BF4B-00C04F79EFBC}") = "RecruitmentTask.Tests", "RecruitmentTask.Tests\RecruitmentTask.Tests.csproj", "{EA323A38-2256-467A-BA29-AAB7D6527C99}"
EndProject
Project("{FAE04EC0-301F-11D3-BF4B-00C04F79EFBC}") = "RecruitmentTask.Infrastructure", "RecruitmentTask.Infrastructure\RecruitmentTask.Infrastructure.csproj", "{6285A52E-5363-47F3-9465-618AE3C8785E}"
EndProject
Project("{FAE04EC0-301F-11D3-BF4B-00C04F79EFBC}") = "RecruitmentTask.Application", "RecruitmentTask.Application\RecruitmentTask.Application.csproj", "{715E9E55-6613-47BF-BF8A-B371FFE5B247}"
EndProject
Project("{FAE04EC0-301F-11D3-BF4B-00C04F79EFBC}") = "RecruitmentTask.Domain", "RecruitmentTask.Domain\RecruitmentTask.Domain.csproj", "{ACE454DF-FA34-47E5-878F-74ADED1DF4FE}"
EndProject
Global
	GlobalSection(SolutionConfigurationPlatforms) = preSolution
		Debug|Any CPU = Debug|Any CPU
		Release|Any CPU = Release|Any CPU
	EndGlobalSection
	GlobalSection(ProjectConfigurationPlatforms) = postSolution
		{4BAF538D-4C03-43DD-8695-7DA6DF9271F4}.Debug|Any CPU.ActiveCfg = Debug|Any CPU
		{4BAF538D-4C03-43DD-8695-7DA6DF9271F4}.Debug|Any CPU.Build.0 = Debug|Any CPU
		{4BAF538D-4C03-43DD-8695-7DA6DF9271F4}.Release|Any CPU.ActiveCfg = Release|Any CPU
		{4BAF538D-4C03-43DD-8695-7DA6DF9271F4}.Release|Any CPU.Build.0 = Release|Any CPU
		{DE990984-A1B3-4890-9A1D-7EE622553994}.Debug|Any CPU.ActiveCfg = Debug|Any CPU
		{DE990984-A1B3-4890-9A1D-7EE622553994}.Debug|Any CPU.Build.0 = Debug|Any CPU
		{DE990984-A1B3-4890-9A1D-7EE622553994}.Release|Any CPU.ActiveCfg = Release|Any CPU
		{DE990984-A1B3-4890-9A1D-7EE622553994}.Release|Any CPU.Build.0 = Release|Any CPU
		{EA323A38-2256-467A-BA29-AAB7D6527C99}.Debug|Any CPU.ActiveCfg = Debug|Any CPU
		{EA323A38-2256-467A-BA29-AAB7D6527C99}.Debug|Any CPU.Build.0 = Debug|Any CPU
		{EA323A38-2256-467A-BA29-AAB7D6527C99}.Release|Any CPU.ActiveCfg = Release|Any CPU
		{EA323A38-2256-467A-BA29-AAB7D6527C99}.Release|Any CPU.Build.0 = Release|Any CPU
		{6285A52E-5363-47F3-9465-618AE3C8785E}.Debug|Any CPU.ActiveCfg = Debug|Any CPU
		{6285A52E-5363-47F3-9465-618AE3C8785E}.Debug|Any CPU.Build.0 = Debug|Any CPU
		{6285A52E-5363-47F3-9465-618AE3C8785E}.Release|Any CPU.ActiveCfg = Release|Any CPU
		{6285A52E-5363-47F3-9465-618AE3C8785E}.Release|Any CPU.Build.0 = Release|Any CPU
		{715E9E55-6613-47BF-BF8A-B371FFE5B247}.Debug|Any CPU.ActiveCfg = Debug|Any CPU
		{715E9E55-6613-47BF-BF8A-B371FFE5B247}.Debug|Any CPU.Build.0 = Debug|Any CPU
		{715E9E55-6613-47BF-BF8A-B371FFE5B247}.Release|Any CPU.ActiveCfg = Release|Any CPU
		{715E9E55-6613-47BF-BF8A-B371FFE5B247}.Release|Any CPU.Build.0 = Release|Any CPU
		{ACE454DF-FA34-47E5-878F-74ADED1DF4FE}.Debug|Any CPU.ActiveCfg = Debug|Any CPU
		{ACE454DF-FA34-47E5-878F-74ADED1DF4FE}.Debug|Any CPU.Build.0 = Debug|Any CPU
		{ACE454DF-FA34-47E5-878F-74ADED1DF4FE}.Release|Any CPU.ActiveCfg = Release|Any CPU
		{ACE454DF-FA34-47E5-878F-74ADED1DF4FE}.Release|Any CPU.Build.0 = Release|Any CPU
	EndGlobalSection
	GlobalSection(SolutionProperties) = preSolution
		HideSolutionNode = FALSE
	EndGlobalSection
	GlobalSection(ExtensibilityGlobals) = postSolution
		SolutionGuid = {D88ABCB5-327C-4B83-90BF-48E8B1B9F13E}
	EndGlobalSection
EndGlobal
